
Microsoft Visual Studio Solution File, Format Version 12.00
# Visual Studio Version 17
VisualStudioVersion = 17.11.35222.181
MinimumVisualStudioVersion = 10.0.40219.1
Project("{FAE04EC0-301F-11D3-BF4B-00C04F79EFBC}") = "rpg_magymarci", "rpg_magymarci.csproj", "{BE0CDC3B-E9D5-4F2C-B537-41B81CF77B23}"
EndProject
Global
	GlobalSection(SolutionConfigurationPlatforms) = preSolution
		Debug|Any CPU = Debug|Any CPU
		Release|Any CPU = Release|Any CPU
	EndGlobalSection
	GlobalSection(ProjectConfigurationPlatforms) = postSolution
		{BE0CDC3B-E9D5-4F2C-B537-41B81CF77B23}.Debug|Any CPU.ActiveCfg = Debug|Any CPU
		{BE0CDC3B-E9D5-4F2C-B537-41B81CF77B23}.Debug|Any CPU.Build.0 = Debug|Any CPU
		{BE0CDC3B-E9D5-4F2C-B537-41B81CF77B23}.Release|Any CPU.ActiveCfg = Release|Any CPU
		{BE0CDC3B-E9D5-4F2C-B537-41B81CF77B23}.Release|Any CPU.Build.0 = Release|Any CPU
	EndGlobalSection
	GlobalSection(SolutionProperties) = preSolution
		HideSolutionNode = FALSE
	EndGlobalSection
	GlobalSection(ExtensibilityGlobals) = postSolution
		SolutionGuid = {12F55B1C-031A-47F4-A0FC-DC1DCDE1BC85}
	EndGlobalSection
EndGlobal
